
Microsoft Visual Studio Solution File, Format Version 12.00
# Visual Studio 14
VisualStudioVersion = 14.0.25420.1
MinimumVisualStudioVersion = 10.0.40219.1
Project("{2150E333-8FDC-42A3-9474-1A3956D46DE8}") = "views", "views", "{3466B7A8-0719-409A-94D5-9A836872B755}"
	ProjectSection(SolutionItems) = preProject
		views\admin-aal.html = views\admin-aal.html
		views\admin-mu.html = views\admin-mu.html
		views\admin.html = views\admin.html
		views\details.html = views\details.html
		views\login-reset.html = views\login-reset.html
		views\login.html = views\login.html
		views\orders.html = views\orders.html
	EndProjectSection
EndProject
Project("{2150E333-8FDC-42A3-9474-1A3956D46DE8}") = "img", "img", "{C9F3A264-BD70-406B-8C3F-6FA548A96A7F}"
	ProjectSection(SolutionItems) = preProject
		img\login.jpg = img\login.jpg
	EndProjectSection
EndProject
Project("{2150E333-8FDC-42A3-9474-1A3956D46DE8}") = "scripts", "scripts", "{1C60AA5B-27B5-464F-882B-BE1CE81F87A5}"
	ProjectSection(SolutionItems) = preProject
		scripts\angular-materializecss-datepicker.min.js = scripts\angular-materializecss-datepicker.min.js
		scripts\app.js = scripts\app.js
		scripts\dirPagination.js = scripts\dirPagination.js
		scripts\Pagination.tpl.html = scripts\Pagination.tpl.html
	EndProjectSection
EndProject
Project("{2150E333-8FDC-42A3-9474-1A3956D46DE8}") = "styles", "styles", "{D3ACA8AF-9CF5-4218-9870-CE9173DCF7F0}"
	ProjectSection(SolutionItems) = preProject
		styles\admin.css = styles\admin.css
		styles\details.css = styles\details.css
		styles\login.css = styles\login.css
		styles\orders.css = styles\orders.css
	EndProjectSection
EndProject
Global
	GlobalSection(SolutionProperties) = preSolution
		HideSolutionNode = FALSE
	EndGlobalSection
EndGlobal
